// !$*UTF8*$!
{
	archiveVersion = 1;
	classes = {
	};
	objectVersion = 55;
	objects = {

/* Begin PBXBuildFile section */
		013E11F2281CDBEE0050C972 /* DetailViewController.swift in Sources */ = {isa = PBXBuildFile; fileRef = 013E11F1281CDBEE0050C972 /* DetailViewController.swift */; };
		013E11F7281CF15B0050C972 /* MemoDatabase.swift in Sources */ = {isa = PBXBuildFile; fileRef = 013E11F6281CF15B0050C972 /* MemoDatabase.swift */; };
		013E11F9281D3AFE0050C972 /* EditViewController.swift in Sources */ = {isa = PBXBuildFile; fileRef = 013E11F8281D3AFE0050C972 /* EditViewController.swift */; };
		013E11FC281D45030050C972 /* EditViewController+Funtions.swift in Sources */ = {isa = PBXBuildFile; fileRef = 013E11FB281D45030050C972 /* EditViewController+Funtions.swift */; };
		013E11FE281D99A90050C972 /* DetailViewController+Funtions.swift in Sources */ = {isa = PBXBuildFile; fileRef = 013E11FD281D99A90050C972 /* DetailViewController+Funtions.swift */; };
		013E1200281E14080050C972 /* tvN 즐거운이야기 Bold.ttf in Resources */ = {isa = PBXBuildFile; fileRef = 013E11FF281E14080050C972 /* tvN 즐거운이야기 Bold.ttf */; };
		013E1202281E15770050C972 /* FontExtention.swift in Sources */ = {isa = PBXBuildFile; fileRef = 013E1201281E15770050C972 /* FontExtention.swift */; };
		013E1204281E32B50050C972 /* BMJua-Regular.otf in Resources */ = {isa = PBXBuildFile; fileRef = 013E1203281E32B50050C972 /* BMJua-Regular.otf */; };
		013E1206281E4EFC0050C972 /* SearchBarExtention.swift in Sources */ = {isa = PBXBuildFile; fileRef = 013E1205281E4EFC0050C972 /* SearchBarExtention.swift */; };
		019364A5281BE64D0001D7EB /* BasicViewController.swift in Sources */ = {isa = PBXBuildFile; fileRef = 019364A4281BE64D0001D7EB /* BasicViewController.swift */; };
		019364A7281BE8D10001D7EB /* MemoCollectionViewCell.swift in Sources */ = {isa = PBXBuildFile; fileRef = 019364A6281BE8D10001D7EB /* MemoCollectionViewCell.swift */; };
		019364A9281C00BB0001D7EB /* Memo.swift in Sources */ = {isa = PBXBuildFile; fileRef = 019364A8281C00BB0001D7EB /* Memo.swift */; };
		019364B3281C20ED0001D7EB /* MemoView.swift in Sources */ = {isa = PBXBuildFile; fileRef = 019364B2281C20ED0001D7EB /* MemoView.swift */; };
		019364B5281C22A90001D7EB /* MemoViewModel.swift in Sources */ = {isa = PBXBuildFile; fileRef = 019364B4281C22A90001D7EB /* MemoViewModel.swift */; };
		019DA48B281BE142006D6CA7 /* AppDelegate.swift in Sources */ = {isa = PBXBuildFile; fileRef = 019DA48A281BE142006D6CA7 /* AppDelegate.swift */; };
		019DA48D281BE142006D6CA7 /* SceneDelegate.swift in Sources */ = {isa = PBXBuildFile; fileRef = 019DA48C281BE142006D6CA7 /* SceneDelegate.swift */; };
		019DA48F281BE142006D6CA7 /* ViewController.swift in Sources */ = {isa = PBXBuildFile; fileRef = 019DA48E281BE142006D6CA7 /* ViewController.swift */; };
		019DA492281BE142006D6CA7 /* Main.storyboard in Resources */ = {isa = PBXBuildFile; fileRef = 019DA490281BE142006D6CA7 /* Main.storyboard */; };
		019DA494281BE146006D6CA7 /* Assets.xcassets in Resources */ = {isa = PBXBuildFile; fileRef = 019DA493281BE146006D6CA7 /* Assets.xcassets */; };
		019DA497281BE146006D6CA7 /* LaunchScreen.storyboard in Resources */ = {isa = PBXBuildFile; fileRef = 019DA495281BE146006D6CA7 /* LaunchScreen.storyboard */; };
		BB4E456C54D8EC228742E9B5 /* Pods_PPackMemo.framework in Frameworks */ = {isa = PBXBuildFile; fileRef = 8B343438705041CE9D7E07D1 /* Pods_PPackMemo.framework */; };
/* End PBXBuildFile section */

/* Begin PBXFileReference section */
		013E11F1281CDBEE0050C972 /* DetailViewController.swift */ = {isa = PBXFileReference; lastKnownFileType = sourcecode.swift; path = DetailViewController.swift; sourceTree = "<group>"; };
		013E11F6281CF15B0050C972 /* MemoDatabase.swift */ = {isa = PBXFileReference; lastKnownFileType = sourcecode.swift; path = MemoDatabase.swift; sourceTree = "<group>"; };
		013E11F8281D3AFE0050C972 /* EditViewController.swift */ = {isa = PBXFileReference; lastKnownFileType = sourcecode.swift; path = EditViewController.swift; sourceTree = "<group>"; };
		013E11FB281D45030050C972 /* EditViewController+Funtions.swift */ = {isa = PBXFileReference; lastKnownFileType = sourcecode.swift; path = "EditViewController+Funtions.swift"; sourceTree = "<group>"; };
		013E11FD281D99A90050C972 /* DetailViewController+Funtions.swift */ = {isa = PBXFileReference; lastKnownFileType = sourcecode.swift; path = "DetailViewController+Funtions.swift"; sourceTree = "<group>"; };
		013E11FF281E14080050C972 /* tvN 즐거운이야기 Bold.ttf */ = {isa = PBXFileReference; lastKnownFileType = file; path = "tvN 즐거운이야기 Bold.ttf"; sourceTree = "<group>"; };
		013E1201281E15770050C972 /* FontExtention.swift */ = {isa = PBXFileReference; lastKnownFileType = sourcecode.swift; path = FontExtention.swift; sourceTree = "<group>"; };
		013E1203281E32B50050C972 /* BMJua-Regular.otf */ = {isa = PBXFileReference; lastKnownFileType = file; path = "BMJua-Regular.otf"; sourceTree = "<group>"; };
		013E1205281E4EFC0050C972 /* SearchBarExtention.swift */ = {isa = PBXFileReference; lastKnownFileType = sourcecode.swift; path = SearchBarExtention.swift; sourceTree = "<group>"; };
		019364A4281BE64D0001D7EB /* BasicViewController.swift */ = {isa = PBXFileReference; lastKnownFileType = sourcecode.swift; path = BasicViewController.swift; sourceTree = "<group>"; };
		019364A6281BE8D10001D7EB /* MemoCollectionViewCell.swift */ = {isa = PBXFileReference; lastKnownFileType = sourcecode.swift; path = MemoCollectionViewCell.swift; sourceTree = "<group>"; };
		019364A8281C00BB0001D7EB /* Memo.swift */ = {isa = PBXFileReference; lastKnownFileType = sourcecode.swift; path = Memo.swift; sourceTree = "<group>"; };
		019364B2281C20ED0001D7EB /* MemoView.swift */ = {isa = PBXFileReference; lastKnownFileType = sourcecode.swift; path = MemoView.swift; sourceTree = "<group>"; };
		019364B4281C22A90001D7EB /* MemoViewModel.swift */ = {isa = PBXFileReference; lastKnownFileType = sourcecode.swift; path = MemoViewModel.swift; sourceTree = "<group>"; };
		019DA487281BE142006D6CA7 /* PPackMemo.app */ = {isa = PBXFileReference; explicitFileType = wrapper.application; includeInIndex = 0; path = PPackMemo.app; sourceTree = BUILT_PRODUCTS_DIR; };
		019DA48A281BE142006D6CA7 /* AppDelegate.swift */ = {isa = PBXFileReference; lastKnownFileType = sourcecode.swift; path = AppDelegate.swift; sourceTree = "<group>"; };
		019DA48C281BE142006D6CA7 /* SceneDelegate.swift */ = {isa = PBXFileReference; lastKnownFileType = sourcecode.swift; path = SceneDelegate.swift; sourceTree = "<group>"; };
		019DA48E281BE142006D6CA7 /* ViewController.swift */ = {isa = PBXFileReference; lastKnownFileType = sourcecode.swift; path = ViewController.swift; sourceTree = "<group>"; };
		019DA491281BE142006D6CA7 /* Base */ = {isa = PBXFileReference; lastKnownFileType = file.storyboard; name = Base; path = Base.lproj/Main.storyboard; sourceTree = "<group>"; };
		019DA493281BE146006D6CA7 /* Assets.xcassets */ = {isa = PBXFileReference; lastKnownFileType = folder.assetcatalog; path = Assets.xcassets; sourceTree = "<group>"; };
		019DA496281BE146006D6CA7 /* Base */ = {isa = PBXFileReference; lastKnownFileType = file.storyboard; name = Base; path = Base.lproj/LaunchScreen.storyboard; sourceTree = "<group>"; };
		019DA498281BE146006D6CA7 /* Info.plist */ = {isa = PBXFileReference; lastKnownFileType = text.plist.xml; path = Info.plist; sourceTree = "<group>"; };
		40B0E6565CEC1FD48E42F421 /* Pods-PPackMemo.debug.xcconfig */ = {isa = PBXFileReference; includeInIndex = 1; lastKnownFileType = text.xcconfig; name = "Pods-PPackMemo.debug.xcconfig"; path = "Target Support Files/Pods-PPackMemo/Pods-PPackMemo.debug.xcconfig"; sourceTree = "<group>"; };
		8B343438705041CE9D7E07D1 /* Pods_PPackMemo.framework */ = {isa = PBXFileReference; explicitFileType = wrapper.framework; includeInIndex = 0; path = Pods_PPackMemo.framework; sourceTree = BUILT_PRODUCTS_DIR; };
		BB56333FD569FEA65F0361CF /* Pods-PPackMemo.release.xcconfig */ = {isa = PBXFileReference; includeInIndex = 1; lastKnownFileType = text.xcconfig; name = "Pods-PPackMemo.release.xcconfig"; path = "Target Support Files/Pods-PPackMemo/Pods-PPackMemo.release.xcconfig"; sourceTree = "<group>"; };
/* End PBXFileReference section */

/* Begin PBXFrameworksBuildPhase section */
		019DA484281BE142006D6CA7 /* Frameworks */ = {
			isa = PBXFrameworksBuildPhase;
			buildActionMask = 2147483647;
			files = (
				BB4E456C54D8EC228742E9B5 /* Pods_PPackMemo.framework in Frameworks */,
			);
			runOnlyForDeploymentPostprocessing = 0;
		};
/* End PBXFrameworksBuildPhase section */

/* Begin PBXGroup section */
		013E11F3281CDBF80050C972 /* ListView */ = {
			isa = PBXGroup;
			children = (
				019DA48E281BE142006D6CA7 /* ViewController.swift */,
				019364A6281BE8D10001D7EB /* MemoCollectionViewCell.swift */,
			);
			path = ListView;
			sourceTree = "<group>";
		};
		013E11F4281CDC080050C972 /* DetailView */ = {
			isa = PBXGroup;
			children = (
				013E11F1281CDBEE0050C972 /* DetailViewController.swift */,
				013E11FD281D99A90050C972 /* DetailViewController+Funtions.swift */,
			);
			path = DetailView;
			sourceTree = "<group>";
		};
		013E11F5281CDC110050C972 /* EditView */ = {
			isa = PBXGroup;
			children = (
				013E11F8281D3AFE0050C972 /* EditViewController.swift */,
				013E11FB281D45030050C972 /* EditViewController+Funtions.swift */,
			);
			path = EditView;
			sourceTree = "<group>";
		};
		019364AA281C02FC0001D7EB /* Model */ = {
			isa = PBXGroup;
			children = (
				019364A8281C00BB0001D7EB /* Memo.swift */,
			);
			path = Model;
			sourceTree = "<group>";
		};
		019364AB281C03030001D7EB /* View */ = {
			isa = PBXGroup;
			children = (
				019364B2281C20ED0001D7EB /* MemoView.swift */,
			);
			path = View;
			sourceTree = "<group>";
		};
		019364AC281C03070001D7EB /* ViewModel */ = {
			isa = PBXGroup;
			children = (
				019364B4281C22A90001D7EB /* MemoViewModel.swift */,
			);
			path = ViewModel;
			sourceTree = "<group>";
		};
		019364AF281C103B0001D7EB /* Common */ = {
			isa = PBXGroup;
			children = (
				013E11F6281CF15B0050C972 /* MemoDatabase.swift */,
				013E1201281E15770050C972 /* FontExtention.swift */,
				013E1205281E4EFC0050C972 /* SearchBarExtention.swift */,
			);
			path = Common;
			sourceTree = "<group>";
		};
		019DA47E281BE142006D6CA7 = {
			isa = PBXGroup;
			children = (
				019DA489281BE142006D6CA7 /* PPackMemo */,
				019DA488281BE142006D6CA7 /* Products */,
				10571EFE6D12853A9B06D8DD /* Pods */,
				CAFCB357A36A949E408E61F0 /* Frameworks */,
			);
			sourceTree = "<group>";
		};
		019DA488281BE142006D6CA7 /* Products */ = {
			isa = PBXGroup;
			children = (
				019DA487281BE142006D6CA7 /* PPackMemo.app */,
			);
			name = Products;
			sourceTree = "<group>";
		};
		019DA489281BE142006D6CA7 /* PPackMemo */ = {
			isa = PBXGroup;
			children = (
				013E11FF281E14080050C972 /* tvN 즐거운이야기 Bold.ttf */,
				013E1203281E32B50050C972 /* BMJua-Regular.otf */,
				019DA48A281BE142006D6CA7 /* AppDelegate.swift */,
				019DA48C281BE142006D6CA7 /* SceneDelegate.swift */,
				019364A4281BE64D0001D7EB /* BasicViewController.swift */,
				013E11F3281CDBF80050C972 /* ListView */,
				013E11F4281CDC080050C972 /* DetailView */,
				013E11F5281CDC110050C972 /* EditView */,
				019364AF281C103B0001D7EB /* Common */,
				019364AC281C03070001D7EB /* ViewModel */,
				019364AB281C03030001D7EB /* View */,
				019364AA281C02FC0001D7EB /* Model */,
				019DA490281BE142006D6CA7 /* Main.storyboard */,
				019DA493281BE146006D6CA7 /* Assets.xcassets */,
				019DA495281BE146006D6CA7 /* LaunchScreen.storyboard */,
				019DA498281BE146006D6CA7 /* Info.plist */,
			);
			path = PPackMemo;
			sourceTree = "<group>";
		};
		10571EFE6D12853A9B06D8DD /* Pods */ = {
			isa = PBXGroup;
			children = (
				40B0E6565CEC1FD48E42F421 /* Pods-PPackMemo.debug.xcconfig */,
				BB56333FD569FEA65F0361CF /* Pods-PPackMemo.release.xcconfig */,
			);
			path = Pods;
			sourceTree = "<group>";
		};
		CAFCB357A36A949E408E61F0 /* Frameworks */ = {
			isa = PBXGroup;
			children = (
				8B343438705041CE9D7E07D1 /* Pods_PPackMemo.framework */,
			);
			name = Frameworks;
			sourceTree = "<group>";
		};
/* End PBXGroup section */

/* Begin PBXNativeTarget section */
		019DA486281BE142006D6CA7 /* PPackMemo */ = {
			isa = PBXNativeTarget;
			buildConfigurationList = 019DA49B281BE146006D6CA7 /* Build configuration list for PBXNativeTarget "PPackMemo" */;
			buildPhases = (
				34F1F26DBE6292F8AAE8154A /* [CP] Check Pods Manifest.lock */,
				019DA483281BE142006D6CA7 /* Sources */,
				019DA484281BE142006D6CA7 /* Frameworks */,
				019DA485281BE142006D6CA7 /* Resources */,
				FD5C5A12CE275DB46023401B /* [CP] Embed Pods Frameworks */,
			);
			buildRules = (
			);
			dependencies = (
			);
			name = PPackMemo;
			productName = PPackMemo;
			productReference = 019DA487281BE142006D6CA7 /* PPackMemo.app */;
			productType = "com.apple.product-type.application";
		};
/* End PBXNativeTarget section */

/* Begin PBXProject section */
		019DA47F281BE142006D6CA7 /* Project object */ = {
			isa = PBXProject;
			attributes = {
				BuildIndependentTargetsInParallel = 1;
				LastSwiftUpdateCheck = 1330;
				LastUpgradeCheck = 1330;
				TargetAttributes = {
					019DA486281BE142006D6CA7 = {
						CreatedOnToolsVersion = 13.3.1;
					};
				};
			};
			buildConfigurationList = 019DA482281BE142006D6CA7 /* Build configuration list for PBXProject "PPackMemo" */;
			compatibilityVersion = "Xcode 13.0";
			developmentRegion = en;
			hasScannedForEncodings = 0;
			knownRegions = (
				en,
				Base,
			);
			mainGroup = 019DA47E281BE142006D6CA7;
			productRefGroup = 019DA488281BE142006D6CA7 /* Products */;
			projectDirPath = "";
			projectRoot = "";
			targets = (
				019DA486281BE142006D6CA7 /* PPackMemo */,
			);
		};
/* End PBXProject section */

/* Begin PBXResourcesBuildPhase section */
		019DA485281BE142006D6CA7 /* Resources */ = {
			isa = PBXResourcesBuildPhase;
			buildActionMask = 2147483647;
			files = (
				019DA497281BE146006D6CA7 /* LaunchScreen.storyboard in Resources */,
				019DA494281BE146006D6CA7 /* Assets.xcassets in Resources */,
				013E1200281E14080050C972 /* tvN 즐거운이야기 Bold.ttf in Resources */,
				013E1204281E32B50050C972 /* BMJua-Regular.otf in Resources */,
				019DA492281BE142006D6CA7 /* Main.storyboard in Resources */,
			);
			runOnlyForDeploymentPostprocessing = 0;
		};
/* End PBXResourcesBuildPhase section */

/* Begin PBXShellScriptBuildPhase section */
		34F1F26DBE6292F8AAE8154A /* [CP] Check Pods Manifest.lock */ = {
			isa = PBXShellScriptBuildPhase;
			buildActionMask = 2147483647;
			files = (
			);
			inputFileListPaths = (
			);
			inputPaths = (
				"${PODS_PODFILE_DIR_PATH}/Podfile.lock",
				"${PODS_ROOT}/Manifest.lock",
			);
			name = "[CP] Check Pods Manifest.lock";
			outputFileListPaths = (
			);
			outputPaths = (
				"$(DERIVED_FILE_DIR)/Pods-PPackMemo-checkManifestLockResult.txt",
			);
			runOnlyForDeploymentPostprocessing = 0;
			shellPath = /bin/sh;
			shellScript = "diff \"${PODS_PODFILE_DIR_PATH}/Podfile.lock\" \"${PODS_ROOT}/Manifest.lock\" > /dev/null\nif [ $? != 0 ] ; then\n    # print error to STDERR\n    echo \"error: The sandbox is not in sync with the Podfile.lock. Run 'pod install' or update your CocoaPods installation.\" >&2\n    exit 1\nfi\n# This output is used by Xcode 'outputs' to avoid re-running this script phase.\necho \"SUCCESS\" > \"${SCRIPT_OUTPUT_FILE_0}\"\n";
			showEnvVarsInLog = 0;
		};
		FD5C5A12CE275DB46023401B /* [CP] Embed Pods Frameworks */ = {
			isa = PBXShellScriptBuildPhase;
			buildActionMask = 2147483647;
			files = (
			);
			inputFileListPaths = (
				"${PODS_ROOT}/Target Support Files/Pods-PPackMemo/Pods-PPackMemo-frameworks-${CONFIGURATION}-input-files.xcfilelist",
			);
			name = "[CP] Embed Pods Frameworks";
			outputFileListPaths = (
				"${PODS_ROOT}/Target Support Files/Pods-PPackMemo/Pods-PPackMemo-frameworks-${CONFIGURATION}-output-files.xcfilelist",
			);
			runOnlyForDeploymentPostprocessing = 0;
			shellPath = /bin/sh;
			shellScript = "\"${PODS_ROOT}/Target Support Files/Pods-PPackMemo/Pods-PPackMemo-frameworks.sh\"\n";
			showEnvVarsInLog = 0;
		};
/* End PBXShellScriptBuildPhase section */

/* Begin PBXSourcesBuildPhase section */
		019DA483281BE142006D6CA7 /* Sources */ = {
			isa = PBXSourcesBuildPhase;
			buildActionMask = 2147483647;
			files = (
				013E11F2281CDBEE0050C972 /* DetailViewController.swift in Sources */,
				019364B3281C20ED0001D7EB /* MemoView.swift in Sources */,
				019364A7281BE8D10001D7EB /* MemoCollectionViewCell.swift in Sources */,
				019DA48F281BE142006D6CA7 /* ViewController.swift in Sources */,
				019364B5281C22A90001D7EB /* MemoViewModel.swift in Sources */,
				019364A5281BE64D0001D7EB /* BasicViewController.swift in Sources */,
				013E11F7281CF15B0050C972 /* MemoDatabase.swift in Sources */,
				013E11FE281D99A90050C972 /* DetailViewController+Funtions.swift in Sources */,
				019364A9281C00BB0001D7EB /* Memo.swift in Sources */,
				013E1202281E15770050C972 /* FontExtention.swift in Sources */,
				013E1206281E4EFC0050C972 /* SearchBarExtention.swift in Sources */,
				019DA48B281BE142006D6CA7 /* AppDelegate.swift in Sources */,
				013E11F9281D3AFE0050C972 /* EditViewController.swift in Sources */,
				013E11FC281D45030050C972 /* EditViewController+Funtions.swift in Sources */,
				019DA48D281BE142006D6CA7 /* SceneDelegate.swift in Sources */,
			);
			runOnlyForDeploymentPostprocessing = 0;
		};
/* End PBXSourcesBuildPhase section */

/* Begin PBXVariantGroup section */
		019DA490281BE142006D6CA7 /* Main.storyboard */ = {
			isa = PBXVariantGroup;
			children = (
				019DA491281BE142006D6CA7 /* Base */,
			);
			name = Main.storyboard;
			sourceTree = "<group>";
		};
		019DA495281BE146006D6CA7 /* LaunchScreen.storyboard */ = {
			isa = PBXVariantGroup;
			children = (
				019DA496281BE146006D6CA7 /* Base */,
			);
			name = LaunchScreen.storyboard;
			sourceTree = "<group>";
		};
/* End PBXVariantGroup section */

/* Begin XCBuildConfiguration section */
		019DA499281BE146006D6CA7 /* Debug */ = {
			isa = XCBuildConfiguration;
			buildSettings = {
				ALWAYS_SEARCH_USER_PATHS = NO;
				CLANG_ANALYZER_NONNULL = YES;
				CLANG_ANALYZER_NUMBER_OBJECT_CONVERSION = YES_AGGRESSIVE;
				CLANG_CXX_LANGUAGE_STANDARD = "gnu++17";
				CLANG_ENABLE_MODULES = YES;
				CLANG_ENABLE_OBJC_ARC = YES;
				CLANG_ENABLE_OBJC_WEAK = YES;
				CLANG_WARN_BLOCK_CAPTURE_AUTORELEASING = YES;
				CLANG_WARN_BOOL_CONVERSION = YES;
				CLANG_WARN_COMMA = YES;
				CLANG_WARN_CONSTANT_CONVERSION = YES;
				CLANG_WARN_DEPRECATED_OBJC_IMPLEMENTATIONS = YES;
				CLANG_WARN_DIRECT_OBJC_ISA_USAGE = YES_ERROR;
				CLANG_WARN_DOCUMENTATION_COMMENTS = YES;
				CLANG_WARN_EMPTY_BODY = YES;
				CLANG_WARN_ENUM_CONVERSION = YES;
				CLANG_WARN_INFINITE_RECURSION = YES;
				CLANG_WARN_INT_CONVERSION = YES;
				CLANG_WARN_NON_LITERAL_NULL_CONVERSION = YES;
				CLANG_WARN_OBJC_IMPLICIT_RETAIN_SELF = YES;
				CLANG_WARN_OBJC_LITERAL_CONVERSION = YES;
				CLANG_WARN_OBJC_ROOT_CLASS = YES_ERROR;
				CLANG_WARN_QUOTED_INCLUDE_IN_FRAMEWORK_HEADER = YES;
				CLANG_WARN_RANGE_LOOP_ANALYSIS = YES;
				CLANG_WARN_STRICT_PROTOTYPES = YES;
				CLANG_WARN_SUSPICIOUS_MOVE = YES;
				CLANG_WARN_UNGUARDED_AVAILABILITY = YES_AGGRESSIVE;
				CLANG_WARN_UNREACHABLE_CODE = YES;
				CLANG_WARN__DUPLICATE_METHOD_MATCH = YES;
				COPY_PHASE_STRIP = NO;
				DEBUG_INFORMATION_FORMAT = dwarf;
				ENABLE_STRICT_OBJC_MSGSEND = YES;
				ENABLE_TESTABILITY = YES;
				GCC_C_LANGUAGE_STANDARD = gnu11;
				GCC_DYNAMIC_NO_PIC = NO;
				GCC_NO_COMMON_BLOCKS = YES;
				GCC_OPTIMIZATION_LEVEL = 0;
				GCC_PREPROCESSOR_DEFINITIONS = (
					"DEBUG=1",
					"$(inherited)",
				);
				GCC_WARN_64_TO_32_BIT_CONVERSION = YES;
				GCC_WARN_ABOUT_RETURN_TYPE = YES_ERROR;
				GCC_WARN_UNDECLARED_SELECTOR = YES;
				GCC_WARN_UNINITIALIZED_AUTOS = YES_AGGRESSIVE;
				GCC_WARN_UNUSED_FUNCTION = YES;
				GCC_WARN_UNUSED_VARIABLE = YES;
				IPHONEOS_DEPLOYMENT_TARGET = 15.4;
				MTL_ENABLE_DEBUG_INFO = INCLUDE_SOURCE;
				MTL_FAST_MATH = YES;
				ONLY_ACTIVE_ARCH = YES;
				SDKROOT = iphoneos;
				SWIFT_ACTIVE_COMPILATION_CONDITIONS = DEBUG;
				SWIFT_OPTIMIZATION_LEVEL = "-Onone";
			};
			name = Debug;
		};
		019DA49A281BE146006D6CA7 /* Release */ = {
			isa = XCBuildConfiguration;
			buildSettings = {
				ALWAYS_SEARCH_USER_PATHS = NO;
				CLANG_ANALYZER_NONNULL = YES;
				CLANG_ANALYZER_NUMBER_OBJECT_CONVERSION = YES_AGGRESSIVE;
				CLANG_CXX_LANGUAGE_STANDARD = "gnu++17";
				CLANG_ENABLE_MODULES = YES;
				CLANG_ENABLE_OBJC_ARC = YES;
				CLANG_ENABLE_OBJC_WEAK = YES;
				CLANG_WARN_BLOCK_CAPTURE_AUTORELEASING = YES;
				CLANG_WARN_BOOL_CONVERSION = YES;
				CLANG_WARN_COMMA = YES;
				CLANG_WARN_CONSTANT_CONVERSION = YES;
				CLANG_WARN_DEPRECATED_OBJC_IMPLEMENTATIONS = YES;
				CLANG_WARN_DIRECT_OBJC_ISA_USAGE = YES_ERROR;
				CLANG_WARN_DOCUMENTATION_COMMENTS = YES;
				CLANG_WARN_EMPTY_BODY = YES;
				CLANG_WARN_ENUM_CONVERSION = YES;
				CLANG_WARN_INFINITE_RECURSION = YES;
				CLANG_WARN_INT_CONVERSION = YES;
				CLANG_WARN_NON_LITERAL_NULL_CONVERSION = YES;
				CLANG_WARN_OBJC_IMPLICIT_RETAIN_SELF = YES;
				CLANG_WARN_OBJC_LITERAL_CONVERSION = YES;
				CLANG_WARN_OBJC_ROOT_CLASS = YES_ERROR;
				CLANG_WARN_QUOTED_INCLUDE_IN_FRAMEWORK_HEADER = YES;
				CLANG_WARN_RANGE_LOOP_ANALYSIS = YES;
				CLANG_WARN_STRICT_PROTOTYPES = YES;
				CLANG_WARN_SUSPICIOUS_MOVE = YES;
				CLANG_WARN_UNGUARDED_AVAILABILITY = YES_AGGRESSIVE;
				CLANG_WARN_UNREACHABLE_CODE = YES;
				CLANG_WARN__DUPLICATE_METHOD_MATCH = YES;
				COPY_PHASE_STRIP = NO;
				DEBUG_INFORMATION_FORMAT = "dwarf-with-dsym";
				ENABLE_NS_ASSERTIONS = NO;
				ENABLE_STRICT_OBJC_MSGSEND = YES;
				GCC_C_LANGUAGE_STANDARD = gnu11;
				GCC_NO_COMMON_BLOCKS = YES;
				GCC_WARN_64_TO_32_BIT_CONVERSION = YES;
				GCC_WARN_ABOUT_RETURN_TYPE = YES_ERROR;
				GCC_WARN_UNDECLARED_SELECTOR = YES;
				GCC_WARN_UNINITIALIZED_AUTOS = YES_AGGRESSIVE;
				GCC_WARN_UNUSED_FUNCTION = YES;
				GCC_WARN_UNUSED_VARIABLE = YES;
				IPHONEOS_DEPLOYMENT_TARGET = 15.4;
				MTL_ENABLE_DEBUG_INFO = NO;
				MTL_FAST_MATH = YES;
				SDKROOT = iphoneos;
				SWIFT_COMPILATION_MODE = wholemodule;
				SWIFT_OPTIMIZATION_LEVEL = "-O";
				VALIDATE_PRODUCT = YES;
			};
			name = Release;
		};
		019DA49C281BE146006D6CA7 /* Debug */ = {
			isa = XCBuildConfiguration;
			baseConfigurationReference = 40B0E6565CEC1FD48E42F421 /* Pods-PPackMemo.debug.xcconfig */;
			buildSettings = {
				ASSETCATALOG_COMPILER_APPICON_NAME = AppIcon;
				ASSETCATALOG_COMPILER_GLOBAL_ACCENT_COLOR_NAME = AccentColor;
				CODE_SIGN_STYLE = Automatic;
				CURRENT_PROJECT_VERSION = 1;
				DEVELOPMENT_TEAM = XP44KJ6JB3;
				GENERATE_INFOPLIST_FILE = YES;
				INFOPLIST_FILE = PPackMemo/Info.plist;
				INFOPLIST_KEY_UIApplicationSupportsIndirectInputEvents = YES;
				INFOPLIST_KEY_UILaunchStoryboardName = LaunchScreen;
				INFOPLIST_KEY_UIMainStoryboardFile = Main;
				INFOPLIST_KEY_UISupportedInterfaceOrientations_iPad = "UIInterfaceOrientationPortrait UIInterfaceOrientationPortraitUpsideDown UIInterfaceOrientationLandscapeLeft UIInterfaceOrientationLandscapeRight";
				INFOPLIST_KEY_UISupportedInterfaceOrientations_iPhone = "UIInterfaceOrientationPortrait UIInterfaceOrientationLandscapeLeft UIInterfaceOrientationLandscapeRight";
				LD_RUNPATH_SEARCH_PATHS = (
					"$(inherited)",
					"@executable_path/Frameworks",
				);
				MARKETING_VERSION = 1.0;
				PRODUCT_BUNDLE_IDENTIFIER = com.ywangnon.PPackMemo;
				PRODUCT_NAME = "$(TARGET_NAME)";
				SWIFT_EMIT_LOC_STRINGS = YES;
				SWIFT_VERSION = 5.0;
				TARGETED_DEVICE_FAMILY = 1;
			};
			name = Debug;
		};
		019DA49D281BE146006D6CA7 /* Release */ = {
			isa = XCBuildConfiguration;
			baseConfigurationReference = BB56333FD569FEA65F0361CF /* Pods-PPackMemo.release.xcconfig */;
			buildSettings = {
				ASSETCATALOG_COMPILER_APPICON_NAME = AppIcon;
				ASSETCATALOG_COMPILER_GLOBAL_ACCENT_COLOR_NAME = AccentColor;
				CODE_SIGN_STYLE = Automatic;
				CURRENT_PROJECT_VERSION = 1;
				DEVELOPMENT_TEAM = XP44KJ6JB3;
				GENERATE_INFOPLIST_FILE = YES;
				INFOPLIST_FILE = PPackMemo/Info.plist;
				INFOPLIST_KEY_UIApplicationSupportsIndirectInputEvents = YES;
				INFOPLIST_KEY_UILaunchStoryboardName = LaunchScreen;
				INFOPLIST_KEY_UIMainStoryboardFile = Main;
				INFOPLIST_KEY_UISupportedInterfaceOrientations_iPad = "UIInterfaceOrientationPortrait UIInterfaceOrientationPortraitUpsideDown UIInterfaceOrientationLandscapeLeft UIInterfaceOrientationLandscapeRight";
				INFOPLIST_KEY_UISupportedInterfaceOrientations_iPhone = "UIInterfaceOrientationPortrait UIInterfaceOrientationLandscapeLeft UIInterfaceOrientationLandscapeRight";
				LD_RUNPATH_SEARCH_PATHS = (
					"$(inherited)",
					"@executable_path/Frameworks",
				);
				MARKETING_VERSION = 1.0;
				PRODUCT_BUNDLE_IDENTIFIER = com.ywangnon.PPackMemo;
				PRODUCT_NAME = "$(TARGET_NAME)";
				SWIFT_EMIT_LOC_STRINGS = YES;
				SWIFT_VERSION = 5.0;
				TARGETED_DEVICE_FAMILY = 1;
			};
			name = Release;
		};
/* End XCBuildConfiguration section */

/* Begin XCConfigurationList section */
		019DA482281BE142006D6CA7 /* Build configuration list for PBXProject "PPackMemo" */ = {
			isa = XCConfigurationList;
			buildConfigurations = (
				019DA499281BE146006D6CA7 /* Debug */,
				019DA49A281BE146006D6CA7 /* Release */,
			);
			defaultConfigurationIsVisible = 0;
			defaultConfigurationName = Release;
		};
		019DA49B281BE146006D6CA7 /* Build configuration list for PBXNativeTarget "PPackMemo" */ = {
			isa = XCConfigurationList;
			buildConfigurations = (
				019DA49C281BE146006D6CA7 /* Debug */,
				019DA49D281BE146006D6CA7 /* Release */,
			);
			defaultConfigurationIsVisible = 0;
			defaultConfigurationName = Release;
		};
/* End XCConfigurationList section */
	};
	rootObject = 019DA47F281BE142006D6CA7 /* Project object */;
}
